# This file is automatically @generated by Cargo.
# It is not intended for manual editing.
version = 3

[[package]]
name = "lpi-interpreter"
version = "0.1.0"
dependencies = [
 "lpi-lexer",
 "lpi-parser",
 "winnow",
]

[[package]]
name = "lpi-lexer"
version = "0.1.0"
dependencies = [
 "winnow",
]

[[package]]
name = "lpi-parser"
version = "0.1.0"
dependencies = [
 "lpi-lexer",
 "winnow",
]

[[package]]
name = "memchr"
version = "2.7.2"
source = "registry+https://github.com/rust-lang/crates.io-index"
checksum = "6c8640c5d730cb13ebd907d8d04b52f55ac9a2eec55b440c8892f40d56c76c1d"

[[package]]
name = "winnow"
version = "0.6.8"
source = "registry+https://github.com/rust-lang/crates.io-index"
checksum = "c3c52e9c97a68071b23e836c9380edae937f17b9c4667bd021973efc689f618d"
dependencies = [
 "memchr",
]
